
Microsoft Visual Studio Solution File, Format Version 12.00
# Visual Studio Version 16
VisualStudioVersion = 16.0.31410.357
MinimumVisualStudioVersion = 10.0.40219.1
Project("{FAE04EC0-301F-11D3-BF4B-00C04F79EFBC}") = "palindrome_OrNot", "palindrome_OrNot.csproj", "{97B320C4-7FD9-4A1F-B5B9-2B83FE7EB7C1}"
EndProject
Global
	GlobalSection(SolutionConfigurationPlatforms) = preSolution
		Debug|Any CPU = Debug|Any CPU
		Release|Any CPU = Release|Any CPU
	EndGlobalSection
	GlobalSection(ProjectConfigurationPlatforms) = postSolution
		{97B320C4-7FD9-4A1F-B5B9-2B83FE7EB7C1}.Debug|Any CPU.ActiveCfg = Debug|Any CPU
		{97B320C4-7FD9-4A1F-B5B9-2B83FE7EB7C1}.Debug|Any CPU.Build.0 = Debug|Any CPU
		{97B320C4-7FD9-4A1F-B5B9-2B83FE7EB7C1}.Release|Any CPU.ActiveCfg = Release|Any CPU
		{97B320C4-7FD9-4A1F-B5B9-2B83FE7EB7C1}.Release|Any CPU.Build.0 = Release|Any CPU
	EndGlobalSection
	GlobalSection(SolutionProperties) = preSolution
		HideSolutionNode = FALSE
	EndGlobalSection
	GlobalSection(ExtensibilityGlobals) = postSolution
		SolutionGuid = {1DFC99E6-02F1-4EFF-A20E-7B7D1F60CA75}
	EndGlobalSection
EndGlobal
